{
  "name": "proyecto-vpn",
  "version": "1.0.0",
  "lockfileVersion": 2,
  "requires": true,
  "packages": {
    "": {
      "name": "proyecto-vpn",
      "version": "1.0.0",
      "license": "ISC",
      "devDependencies": {
        "node-sass": "npm:undefined@*",
        "nodemon": "npm:undefined@*"
      }
    },
    "node_modules/node-sass": {
      "dev": true
    },
    "node_modules/nodemon": {
      "dev": true
    }
  },
  "dependencies": {
    "node-sass": {
      "dev": true
    },
    "nodemon": {
      "dev": true
    }
  }
}
